
Microsoft Visual Studio Solution File, Format Version 12.00
Project("{FAE04EC0-301F-11D3-BF4B-00C04F79EFBC}") = "SkiaAnnotate", "SkiaAnnotate.csproj", "{13857FCD-FB27-4BEE-8B2F-D39D1379F442}"
EndProject
Global
	GlobalSection(SolutionConfigurationPlatforms) = preSolution
		Debug|Any CPU = Debug|Any CPU
		Release|Any CPU = Release|Any CPU
	EndGlobalSection
	GlobalSection(ProjectConfigurationPlatforms) = postSolution
		{13857FCD-FB27-4BEE-8B2F-D39D1379F442}.Debug|Any CPU.ActiveCfg = Debug|Any CPU
		{13857FCD-FB27-4BEE-8B2F-D39D1379F442}.Debug|Any CPU.Build.0 = Debug|Any CPU
		{13857FCD-FB27-4BEE-8B2F-D39D1379F442}.Release|Any CPU.ActiveCfg = Release|Any CPU
		{13857FCD-FB27-4BEE-8B2F-D39D1379F442}.Release|Any CPU.Build.0 = Release|Any CPU
	EndGlobalSection
EndGlobal
